
Microsoft Visual Studio Solution File, Format Version 12.00
# Visual Studio 15
VisualStudioVersion = 15.0.27703.2000
MinimumVisualStudioVersion = 10.0.40219.1
Project("{FAE04EC0-301F-11D3-BF4B-00C04F79EFBC}") = "RegistrationMaterialDesignWPF", "RegistrationMaterialDesignWPF\RegistrationMaterialDesignWPF.csproj", "{376F4861-5FF5-4629-AB17-D0DB5FEE5779}"
EndProject
Project("{FAE04EC0-301F-11D3-BF4B-00C04F79EFBC}") = "Registration.DataAccess", "Registration.DataAccess\Registration.DataAccess.csproj", "{B29AC268-94BD-4D57-9521-7E106642AE95}"
EndProject
Project("{FAE04EC0-301F-11D3-BF4B-00C04F79EFBC}") = "Registration.Model", "Registration.Model\Registration.Model.csproj", "{843D67FA-8C0E-45F7-BA03-E766AB426A21}"
EndProject
Global
	GlobalSection(SolutionConfigurationPlatforms) = preSolution
		Debug|Any CPU = Debug|Any CPU
		Release|Any CPU = Release|Any CPU
	EndGlobalSection
	GlobalSection(ProjectConfigurationPlatforms) = postSolution
		{376F4861-5FF5-4629-AB17-D0DB5FEE5779}.Debug|Any CPU.ActiveCfg = Debug|Any CPU
		{376F4861-5FF5-4629-AB17-D0DB5FEE5779}.Debug|Any CPU.Build.0 = Debug|Any CPU
		{376F4861-5FF5-4629-AB17-D0DB5FEE5779}.Release|Any CPU.ActiveCfg = Release|Any CPU
		{376F4861-5FF5-4629-AB17-D0DB5FEE5779}.Release|Any CPU.Build.0 = Release|Any CPU
		{B29AC268-94BD-4D57-9521-7E106642AE95}.Debug|Any CPU.ActiveCfg = Debug|Any CPU
		{B29AC268-94BD-4D57-9521-7E106642AE95}.Debug|Any CPU.Build.0 = Debug|Any CPU
		{B29AC268-94BD-4D57-9521-7E106642AE95}.Release|Any CPU.ActiveCfg = Release|Any CPU
		{B29AC268-94BD-4D57-9521-7E106642AE95}.Release|Any CPU.Build.0 = Release|Any CPU
		{843D67FA-8C0E-45F7-BA03-E766AB426A21}.Debug|Any CPU.ActiveCfg = Debug|Any CPU
		{843D67FA-8C0E-45F7-BA03-E766AB426A21}.Debug|Any CPU.Build.0 = Debug|Any CPU
		{843D67FA-8C0E-45F7-BA03-E766AB426A21}.Release|Any CPU.ActiveCfg = Release|Any CPU
		{843D67FA-8C0E-45F7-BA03-E766AB426A21}.Release|Any CPU.Build.0 = Release|Any CPU
	EndGlobalSection
	GlobalSection(SolutionProperties) = preSolution
		HideSolutionNode = FALSE
	EndGlobalSection
	GlobalSection(ExtensibilityGlobals) = postSolution
		SolutionGuid = {A19249AE-3F52-4849-88DE-9F574A92E9B7}
	EndGlobalSection
EndGlobal
